
Microsoft Visual Studio Solution File, Format Version 12.00
# Visual Studio Version 17
VisualStudioVersion = 17.6.33723.286
MinimumVisualStudioVersion = 10.0.40219.1
Project("{9A19103F-16F7-4668-BE54-9A1E7A4F7556}") = "CSharp.Capitulo01.ValeTransporte", "CSharp.Capitulo01.ValeTransporte\CSharp.Capitulo01.ValeTransporte.csproj", "{CB589E3B-4DE1-4C4D-B1E4-F4AC117DD121}"
EndProject
Project("{9A19103F-16F7-4668-BE54-9A1E7A4F7556}") = "CSharp.Capitulo02.GeradorSenha", "CSharp.Capitulo02.GeradorSenha\CSharp.Capitulo02.GeradorSenha.csproj", "{14EC37B1-0610-4ED2-B7BD-E2F5FBB018F5}"
EndProject
Project("{9A19103F-16F7-4668-BE54-9A1E7A4F7556}") = "CSharp.Capitulo08.Colecoes.Testes", "CSharp.Capitulo08.Colecoes.Testes\CSharp.Capitulo08.Colecoes.Testes.csproj", "{16E86FB0-0C19-4F83-932D-F6A38C1BFD6E}"
EndProject
Project("{9A19103F-16F7-4668-BE54-9A1E7A4F7556}") = "Fintech.Dominio", "Fintech.Dominio\Fintech.Dominio.csproj", "{45DEA730-DB18-42A9-BAE5-5EAB395661A0}"
EndProject
Project("{2150E333-8FDC-42A3-9474-1A3956D46DE8}") = "Fintech", "Fintech", "{1643E7AF-F946-4E47-9962-1CACFD9CB04D}"
EndProject
Project("{9A19103F-16F7-4668-BE54-9A1E7A4F7556}") = "Fintech.Correntista.Wpf", "Fintech.Correntista.Wpf\Fintech.Correntista.Wpf.csproj", "{FDE4E921-22B9-4259-8C71-05539008E376}"
EndProject
Project("{9A19103F-16F7-4668-BE54-9A1E7A4F7556}") = "CSharp.Capitulo02.GeradorSenhaTests", "CSharp.Capitulo02.GeradorSenhaTests\CSharp.Capitulo02.GeradorSenhaTests.csproj", "{79C203EA-B787-448F-BE2A-4ACBB28BDC57}"
EndProject
Project("{9A19103F-16F7-4668-BE54-9A1E7A4F7556}") = "Fintech.DominioTests", "Fintech.DominioTests\Fintech.DominioTests.csproj", "{25FD61B6-963F-45BB-9576-450F4AB3DBCA}"
EndProject
Project("{9A19103F-16F7-4668-BE54-9A1E7A4F7556}") = "Fintech.Repositorios.SistemaArquivos", "Fintech.Repositorios.SistemaArquivos\Fintech.Repositorios.SistemaArquivos.csproj", "{0F007A48-DF32-41A4-9BCA-77D7FF4E90BB}"
EndProject
Project("{9A19103F-16F7-4668-BE54-9A1E7A4F7556}") = "Fintech.Repositorios.SistemaArquivosTests", "Fintech.Repositorios.SistemaArquivosTests\Fintech.Repositorios.SistemaArquivosTests.csproj", "{13B99091-0498-4B71-A780-258C069DFA02}"
EndProject
Project("{9A19103F-16F7-4668-BE54-9A1E7A4F7556}") = "Fintech.Repositorios.SqlServer", "Fintech.Repositorios.SqlServer\Fintech.Repositorios.SqlServer.csproj", "{4406FBF9-BFE9-4E21-B728-16537F984EDF}"
EndProject
Project("{FAE04EC0-301F-11D3-BF4B-00C04F79EFBC}") = "Fintech.Repositorios.SqlServerTests", "Fintech.Repositorios.SqlServerTests\Fintech.Repositorios.SqlServerTests.csproj", "{B0C4BE4C-3A2A-4EFE-B56C-83A8D00161A3}"
EndProject
Global
	GlobalSection(SolutionConfigurationPlatforms) = preSolution
		Debug|Any CPU = Debug|Any CPU
		Release|Any CPU = Release|Any CPU
	EndGlobalSection
	GlobalSection(ProjectConfigurationPlatforms) = postSolution
		{CB589E3B-4DE1-4C4D-B1E4-F4AC117DD121}.Debug|Any CPU.ActiveCfg = Debug|Any CPU
		{CB589E3B-4DE1-4C4D-B1E4-F4AC117DD121}.Debug|Any CPU.Build.0 = Debug|Any CPU
		{CB589E3B-4DE1-4C4D-B1E4-F4AC117DD121}.Release|Any CPU.ActiveCfg = Release|Any CPU
		{CB589E3B-4DE1-4C4D-B1E4-F4AC117DD121}.Release|Any CPU.Build.0 = Release|Any CPU
		{14EC37B1-0610-4ED2-B7BD-E2F5FBB018F5}.Debug|Any CPU.ActiveCfg = Debug|Any CPU
		{14EC37B1-0610-4ED2-B7BD-E2F5FBB018F5}.Debug|Any CPU.Build.0 = Debug|Any CPU
		{14EC37B1-0610-4ED2-B7BD-E2F5FBB018F5}.Release|Any CPU.ActiveCfg = Release|Any CPU
		{14EC37B1-0610-4ED2-B7BD-E2F5FBB018F5}.Release|Any CPU.Build.0 = Release|Any CPU
		{16E86FB0-0C19-4F83-932D-F6A38C1BFD6E}.Debug|Any CPU.ActiveCfg = Debug|Any CPU
		{16E86FB0-0C19-4F83-932D-F6A38C1BFD6E}.Debug|Any CPU.Build.0 = Debug|Any CPU
		{16E86FB0-0C19-4F83-932D-F6A38C1BFD6E}.Release|Any CPU.ActiveCfg = Release|Any CPU
		{16E86FB0-0C19-4F83-932D-F6A38C1BFD6E}.Release|Any CPU.Build.0 = Release|Any CPU
		{45DEA730-DB18-42A9-BAE5-5EAB395661A0}.Debug|Any CPU.ActiveCfg = Debug|Any CPU
		{45DEA730-DB18-42A9-BAE5-5EAB395661A0}.Debug|Any CPU.Build.0 = Debug|Any CPU
		{45DEA730-DB18-42A9-BAE5-5EAB395661A0}.Release|Any CPU.ActiveCfg = Release|Any CPU
		{45DEA730-DB18-42A9-BAE5-5EAB395661A0}.Release|Any CPU.Build.0 = Release|Any CPU
		{FDE4E921-22B9-4259-8C71-05539008E376}.Debug|Any CPU.ActiveCfg = Debug|Any CPU
		{FDE4E921-22B9-4259-8C71-05539008E376}.Debug|Any CPU.Build.0 = Debug|Any CPU
		{FDE4E921-22B9-4259-8C71-05539008E376}.Release|Any CPU.ActiveCfg = Release|Any CPU
		{FDE4E921-22B9-4259-8C71-05539008E376}.Release|Any CPU.Build.0 = Release|Any CPU
		{79C203EA-B787-448F-BE2A-4ACBB28BDC57}.Debug|Any CPU.ActiveCfg = Debug|Any CPU
		{79C203EA-B787-448F-BE2A-4ACBB28BDC57}.Debug|Any CPU.Build.0 = Debug|Any CPU
		{79C203EA-B787-448F-BE2A-4ACBB28BDC57}.Release|Any CPU.ActiveCfg = Release|Any CPU
		{79C203EA-B787-448F-BE2A-4ACBB28BDC57}.Release|Any CPU.Build.0 = Release|Any CPU
		{25FD61B6-963F-45BB-9576-450F4AB3DBCA}.Debug|Any CPU.ActiveCfg = Debug|Any CPU
		{25FD61B6-963F-45BB-9576-450F4AB3DBCA}.Debug|Any CPU.Build.0 = Debug|Any CPU
		{25FD61B6-963F-45BB-9576-450F4AB3DBCA}.Release|Any CPU.ActiveCfg = Release|Any CPU
		{25FD61B6-963F-45BB-9576-450F4AB3DBCA}.Release|Any CPU.Build.0 = Release|Any CPU
		{0F007A48-DF32-41A4-9BCA-77D7FF4E90BB}.Debug|Any CPU.ActiveCfg = Debug|Any CPU
		{0F007A48-DF32-41A4-9BCA-77D7FF4E90BB}.Debug|Any CPU.Build.0 = Debug|Any CPU
		{0F007A48-DF32-41A4-9BCA-77D7FF4E90BB}.Release|Any CPU.ActiveCfg = Release|Any CPU
		{0F007A48-DF32-41A4-9BCA-77D7FF4E90BB}.Release|Any CPU.Build.0 = Release|Any CPU
		{13B99091-0498-4B71-A780-258C069DFA02}.Debug|Any CPU.ActiveCfg = Debug|Any CPU
		{13B99091-0498-4B71-A780-258C069DFA02}.Debug|Any CPU.Build.0 = Debug|Any CPU
		{13B99091-0498-4B71-A780-258C069DFA02}.Release|Any CPU.ActiveCfg = Release|Any CPU
		{13B99091-0498-4B71-A780-258C069DFA02}.Release|Any CPU.Build.0 = Release|Any CPU
		{4406FBF9-BFE9-4E21-B728-16537F984EDF}.Debug|Any CPU.ActiveCfg = Debug|Any CPU
		{4406FBF9-BFE9-4E21-B728-16537F984EDF}.Debug|Any CPU.Build.0 = Debug|Any CPU
		{4406FBF9-BFE9-4E21-B728-16537F984EDF}.Release|Any CPU.ActiveCfg = Release|Any CPU
		{4406FBF9-BFE9-4E21-B728-16537F984EDF}.Release|Any CPU.Build.0 = Release|Any CPU
		{B0C4BE4C-3A2A-4EFE-B56C-83A8D00161A3}.Debug|Any CPU.ActiveCfg = Debug|Any CPU
		{B0C4BE4C-3A2A-4EFE-B56C-83A8D00161A3}.Debug|Any CPU.Build.0 = Debug|Any CPU
		{B0C4BE4C-3A2A-4EFE-B56C-83A8D00161A3}.Release|Any CPU.ActiveCfg = Release|Any CPU
		{B0C4BE4C-3A2A-4EFE-B56C-83A8D00161A3}.Release|Any CPU.Build.0 = Release|Any CPU
	EndGlobalSection
	GlobalSection(SolutionProperties) = preSolution
		HideSolutionNode = FALSE
	EndGlobalSection
	GlobalSection(NestedProjects) = preSolution
		{45DEA730-DB18-42A9-BAE5-5EAB395661A0} = {1643E7AF-F946-4E47-9962-1CACFD9CB04D}
		{FDE4E921-22B9-4259-8C71-05539008E376} = {1643E7AF-F946-4E47-9962-1CACFD9CB04D}
		{25FD61B6-963F-45BB-9576-450F4AB3DBCA} = {1643E7AF-F946-4E47-9962-1CACFD9CB04D}
		{0F007A48-DF32-41A4-9BCA-77D7FF4E90BB} = {1643E7AF-F946-4E47-9962-1CACFD9CB04D}
		{13B99091-0498-4B71-A780-258C069DFA02} = {1643E7AF-F946-4E47-9962-1CACFD9CB04D}
		{4406FBF9-BFE9-4E21-B728-16537F984EDF} = {1643E7AF-F946-4E47-9962-1CACFD9CB04D}
		{B0C4BE4C-3A2A-4EFE-B56C-83A8D00161A3} = {1643E7AF-F946-4E47-9962-1CACFD9CB04D}
	EndGlobalSection
	GlobalSection(ExtensibilityGlobals) = postSolution
		SolutionGuid = {BC0C2FA7-5FA2-4CBB-8699-668F1DC3B85C}
	EndGlobalSection
EndGlobal
